
Microsoft Visual Studio Solution File, Format Version 12.00
# Visual Studio 15
VisualStudioVersion = 15.0.27130.2010
MinimumVisualStudioVersion = 10.0.40219.1
Project("{FAE04EC0-301F-11D3-BF4B-00C04F79EFBC}") = "ForestDronController", "ForestDronController\ForestDronController.csproj", "{F0A5C174-0B33-49ED-B8B2-83E54E354DE8}"
EndProject
Project("{FAE04EC0-301F-11D3-BF4B-00C04F79EFBC}") = "TestForestDronController", "TestForestDronController\TestForestDronController.csproj", "{7D905290-D295-4077-B46A-8618E614E438}"
EndProject
Global
	GlobalSection(SolutionConfigurationPlatforms) = preSolution
		Debug|Any CPU = Debug|Any CPU
		Release|Any CPU = Release|Any CPU
	EndGlobalSection
	GlobalSection(ProjectConfigurationPlatforms) = postSolution
		{F0A5C174-0B33-49ED-B8B2-83E54E354DE8}.Debug|Any CPU.ActiveCfg = Debug|Any CPU
		{F0A5C174-0B33-49ED-B8B2-83E54E354DE8}.Debug|Any CPU.Build.0 = Debug|Any CPU
		{F0A5C174-0B33-49ED-B8B2-83E54E354DE8}.Release|Any CPU.ActiveCfg = Release|Any CPU
		{F0A5C174-0B33-49ED-B8B2-83E54E354DE8}.Release|Any CPU.Build.0 = Release|Any CPU
		{7D905290-D295-4077-B46A-8618E614E438}.Debug|Any CPU.ActiveCfg = Debug|Any CPU
		{7D905290-D295-4077-B46A-8618E614E438}.Debug|Any CPU.Build.0 = Debug|Any CPU
		{7D905290-D295-4077-B46A-8618E614E438}.Release|Any CPU.ActiveCfg = Release|Any CPU
		{7D905290-D295-4077-B46A-8618E614E438}.Release|Any CPU.Build.0 = Release|Any CPU
	EndGlobalSection
	GlobalSection(SolutionProperties) = preSolution
		HideSolutionNode = FALSE
	EndGlobalSection
	GlobalSection(ExtensibilityGlobals) = postSolution
		SolutionGuid = {EDA95400-82E5-4C21-95D4-C40AA5E3AD3C}
	EndGlobalSection
EndGlobal
